
Microsoft Visual Studio Solution File, Format Version 12.00
# Visual Studio Version 17
VisualStudioVersion = 17.10.35027.167
MinimumVisualStudioVersion = 10.0.40219.1
Project("{FAE04EC0-301F-11D3-BF4B-00C04F79EFBC}") = "GoogleUploadFromCSharp", "GoogleUploadFromCSharp\GoogleUploadFromCSharp.csproj", "{1F1D079E-2FDD-4749-9C29-4C6718307F20}"
EndProject
Global
	GlobalSection(SolutionConfigurationPlatforms) = preSolution
		Debug|Any CPU = Debug|Any CPU
		Release|Any CPU = Release|Any CPU
	EndGlobalSection
	GlobalSection(ProjectConfigurationPlatforms) = postSolution
		{1F1D079E-2FDD-4749-9C29-4C6718307F20}.Debug|Any CPU.ActiveCfg = Debug|Any CPU
		{1F1D079E-2FDD-4749-9C29-4C6718307F20}.Debug|Any CPU.Build.0 = Debug|Any CPU
		{1F1D079E-2FDD-4749-9C29-4C6718307F20}.Release|Any CPU.ActiveCfg = Release|Any CPU
		{1F1D079E-2FDD-4749-9C29-4C6718307F20}.Release|Any CPU.Build.0 = Release|Any CPU
	EndGlobalSection
	GlobalSection(SolutionProperties) = preSolution
		HideSolutionNode = FALSE
	EndGlobalSection
	GlobalSection(ExtensibilityGlobals) = postSolution
		SolutionGuid = {5F46E8FB-5B58-49CE-AC6C-BFCC72A7BE73}
	EndGlobalSection
EndGlobal
